Microsoft Visual Studio Solution File, Format Version 12.00
# Visual Studio Version 18
VisualStudioVersion = 18.8.12021.73
MinimumVisualStudioVersion = 10.0.40219.1
Project("{FAE04EC0-301F-11D3-BF4B-00C04F79EFBC}") = "KiloVisualStudioExtension", "packages\kilo-visualstudio\KiloVisualStudioExtension\KiloVisualStudioExtension.csproj", "{7E0B4FB5-58E4-4B67-A44F-2AA925A2D7C7}"
EndProject
Project("{FAE04EC0-301F-11D3-BF4B-00C04F79EFBC}") = "KiloVisualStudioExtension.Tests", "packages\kilo-visualstudio\KiloVisualStudioExtension.Tests\KiloVisualStudioExtension.Tests.csproj", "{0B3E1445-6566-662A-0DFB-2B37F6915328}"
EndProject
Global
	GlobalSection(SolutionConfigurationPlatforms) = preSolution
		Debug|Any CPU = Debug|Any CPU
		Release|Any CPU = Release|Any CPU
	EndGlobalSection
	GlobalSection(ProjectConfigurationPlatforms) = postSolution
		{7E0B4FB5-58E4-4B67-A44F-2AA925A2D7C7}.Debug|Any CPU.ActiveCfg = Debug|Any CPU
		{7E0B4FB5-58E4-4B67-A44F-2AA925A2D7C7}.Debug|Any CPU.Build.0 = Debug|Any CPU
		{7E0B4FB5-58E4-4B67-A44F-2AA925A2D7C7}.Debug|Any CPU.Deploy.0 = Debug|Any CPU
		{7E0B4FB5-58E4-4B67-A44F-2AA925A2D7C7}.Release|Any CPU.ActiveCfg = Release|Any CPU
		{7E0B4FB5-58E4-4B67-A44F-2AA925A2D7C7}.Release|Any CPU.Build.0 = Release|Any CPU
		{7E0B4FB5-58E4-4B67-A44F-2AA925A2D7C7}.Release|Any CPU.Deploy.0 = Release|Any CPU
		{0B3E1445-6566-662A-0DFB-2B37F6915328}.Debug|Any CPU.ActiveCfg = Debug|Any CPU
		{0B3E1445-6566-662A-0DFB-2B37F6915328}.Debug|Any CPU.Build.0 = Debug|Any CPU
		{0B3E1445-6566-662A-0DFB-2B37F6915328}.Release|Any CPU.ActiveCfg = Release|Any CPU
		{0B3E1445-6566-662A-0DFB-2B37F6915328}.Release|Any CPU.Build.0 = Release|Any CPU
	EndGlobalSection
	GlobalSection(SolutionProperties) = preSolution
		HideSolutionNode = FALSE
	EndGlobalSection
	GlobalSection(ExtensibilityGlobals) = postSolution
		SolutionGuid = {DFBC4D9D-9380-47B1-97D0-5D67D5B1F175}
	EndGlobalSection
EndGlobal
