<Solution>
  <Project Path="Common/Common.csproj" Id="0d759293-aeb1-49a5-a6df-32ced5d2a24e" />
  <Project Path="KiloExtensionDTOs/KiloExtensionDTOs.csproj" />
  <Project Path="KiloVisualStudioExtension.Tests/KiloVisualStudioExtension.Tests.csproj" />
  <Project Path="KiloVisualStudioExtension/KiloVisualStudioExtension.csproj">
    <Deploy />
  </Project>
</Solution>
